
Microsoft Visual Studio Solution File, Format Version 12.00
Project("{FAE04EC0-301F-11D3-BF4B-00C04F79EFBC}") = "AntiCensorship", "AntiCensorship\AntiCensorship.csproj", "{E3EA2640-C319-438E-9875-E325541AAAA6}"
EndProject
Global
	GlobalSection(SolutionConfigurationPlatforms) = preSolution
		Debug|Any CPU = Debug|Any CPU
		Release|Any CPU = Release|Any CPU
	EndGlobalSection
	GlobalSection(ProjectConfigurationPlatforms) = postSolution
		{E3EA2640-C319-438E-9875-E325541AAAA6}.Debug|Any CPU.ActiveCfg = Debug|Any CPU
		{E3EA2640-C319-438E-9875-E325541AAAA6}.Debug|Any CPU.Build.0 = Debug|Any CPU
		{E3EA2640-C319-438E-9875-E325541AAAA6}.Release|Any CPU.ActiveCfg = Release|Any CPU
		{E3EA2640-C319-438E-9875-E325541AAAA6}.Release|Any CPU.Build.0 = Release|Any CPU
	EndGlobalSection
EndGlobal
